{
  "nodes": {
    "home-manager": {
      "inputs": {
        "nixpkgs": [
          "nixpkgs"
        ]
      },
      "locked": {
        "lastModified": 1736373539,
        "narHash": "sha256-dinzAqCjenWDxuy+MqUQq0I4zUSfaCvN9rzuCmgMZJY=",
        "owner": "nix-community",
        "repo": "home-manager",
        "rev": "bd65bc3cde04c16755955630b344bc9e35272c56",
        "type": "github"
      },
      "original": {
        "owner": "nix-community",
        "ref": "release-24.11",
        "repo": "home-manager",
        "type": "github"
      }
    },
    "nixpkgs": {
      "locked": {
        "lastModified": 1736916166,
        "narHash": "sha256-puPDoVKxkuNmYIGMpMQiK8bEjaACcCksolsG36gdaNQ=",
        "owner": "NixOs",
        "repo": "nixpkgs",
        "rev": "e24b4c09e963677b1beea49d411cd315a024ad3a",
        "type": "github"
      },
      "original": {
        "owner": "NixOs",
        "ref": "nixos-24.11",
        "repo": "nixpkgs",
        "type": "github"
      }
    },
    "nixpkgs-unstable": {
      "locked": {
        "lastModified": 1736883708,
        "narHash": "sha256-uQ+NQ0/xYU0N1CnXsa2zghgNaOPxWpMJXSUJJ9W7140=",
        "owner": "NixOs",
        "repo": "nixpkgs",
        "rev": "eb62e6aa39ea67e0b8018ba8ea077efe65807dc8",
        "type": "github"
      },
      "original": {
        "owner": "NixOs",
        "ref": "nixos-unstable",
        "repo": "nixpkgs",
        "type": "github"
      }
    },
    "root": {
      "inputs": {
        "home-manager": "home-manager",
        "nixpkgs": "nixpkgs",
        "nixpkgs-unstable": "nixpkgs-unstable"
      }
    }
  },
  "root": "root",
  "version": 7
}
